
Microsoft Visual Studio Solution File, Format Version 12.00
# Visual Studio 15
Project("{FAE04EC0-301F-11D3-BF4B-00C04F79EFBC}") = "blog", "blog.csproj", "{264FDD15-19D5-4BCD-96FB-622C190597BE}"
EndProject
Global
	GlobalSection(SolutionConfigurationPlatforms) = preSolution
		Debug|Any CPU = Debug|Any CPU
		Release|Any CPU = Release|Any CPU
	EndGlobalSection
	GlobalSection(ProjectConfigurationPlatforms) = postSolution
		{264FDD15-19D5-4BCD-96FB-622C190597BE}.Debug|Any CPU.ActiveCfg = Debug|Any CPU
		{264FDD15-19D5-4BCD-96FB-622C190597BE}.Debug|Any CPU.Build.0 = Debug|Any CPU
		{264FDD15-19D5-4BCD-96FB-622C190597BE}.Release|Any CPU.ActiveCfg = Release|Any CPU
		{264FDD15-19D5-4BCD-96FB-622C190597BE}.Release|Any CPU.Build.0 = Release|Any CPU
	EndGlobalSection
EndGlobal
