
Microsoft Visual Studio Solution File, Format Version 12.00
# Visual Studio 15
Project("{FAE04EC0-301F-11D3-BF4B-00C04F79EFBC}") = "GeekBurger.Production", "GeekBurger.Production\GeekBurger.Production.csproj", "{337D0356-BE0E-4FB3-B534-EA0C244C74EB}"
EndProject
Project("{FAE04EC0-301F-11D3-BF4B-00C04F79EFBC}") = "GeekBurger.Production.Contract", "GeekBurger.Production.Contract\GeekBurger.Production.Contract.csproj", "{5F9E920A-98FE-4823-B9F8-FAC9820E90A5}"
EndProject
Global
	GlobalSection(SolutionConfigurationPlatforms) = preSolution
		Debug|Any CPU = Debug|Any CPU
		Release|Any CPU = Release|Any CPU
	EndGlobalSection
	GlobalSection(ProjectConfigurationPlatforms) = postSolution
		{337D0356-BE0E-4FB3-B534-EA0C244C74EB}.Debug|Any CPU.ActiveCfg = Debug|Any CPU
		{337D0356-BE0E-4FB3-B534-EA0C244C74EB}.Debug|Any CPU.Build.0 = Debug|Any CPU
		{337D0356-BE0E-4FB3-B534-EA0C244C74EB}.Release|Any CPU.ActiveCfg = Release|Any CPU
		{337D0356-BE0E-4FB3-B534-EA0C244C74EB}.Release|Any CPU.Build.0 = Release|Any CPU
		{5F9E920A-98FE-4823-B9F8-FAC9820E90A5}.Debug|Any CPU.ActiveCfg = Debug|Any CPU
		{5F9E920A-98FE-4823-B9F8-FAC9820E90A5}.Debug|Any CPU.Build.0 = Debug|Any CPU
		{5F9E920A-98FE-4823-B9F8-FAC9820E90A5}.Release|Any CPU.ActiveCfg = Release|Any CPU
		{5F9E920A-98FE-4823-B9F8-FAC9820E90A5}.Release|Any CPU.Build.0 = Release|Any CPU
	EndGlobalSection
EndGlobal
